
Microsoft Visual Studio Solution File, Format Version 12.00
# Visual Studio Version 17
VisualStudioVersion = 17.10.34928.147
MinimumVisualStudioVersion = 10.0.40219.1
Project("{FAE04EC0-301F-11D3-BF4B-00C04F79EFBC}") = "keydownolaylari", "keydownolaylari\keydownolaylari.csproj", "{A20CF9C3-D060-40F1-AAFC-6544FCF51E37}"
EndProject
Global
	GlobalSection(SolutionConfigurationPlatforms) = preSolution
		Debug|Any CPU = Debug|Any CPU
		Release|Any CPU = Release|Any CPU
	EndGlobalSection
	GlobalSection(ProjectConfigurationPlatforms) = postSolution
		{A20CF9C3-D060-40F1-AAFC-6544FCF51E37}.Debug|Any CPU.ActiveCfg = Debug|Any CPU
		{A20CF9C3-D060-40F1-AAFC-6544FCF51E37}.Debug|Any CPU.Build.0 = Debug|Any CPU
		{A20CF9C3-D060-40F1-AAFC-6544FCF51E37}.Release|Any CPU.ActiveCfg = Release|Any CPU
		{A20CF9C3-D060-40F1-AAFC-6544FCF51E37}.Release|Any CPU.Build.0 = Release|Any CPU
	EndGlobalSection
	GlobalSection(SolutionProperties) = preSolution
		HideSolutionNode = FALSE
	EndGlobalSection
	GlobalSection(ExtensibilityGlobals) = postSolution
		SolutionGuid = {5BF27872-C0B2-407B-BA60-57A04DC3A411}
	EndGlobalSection
EndGlobal
